{
    "name": "nmsbhs-powertools",
    "version": "0.0.0",
    "lockfileVersion": 1,
    "requires": true,
    "dependencies": {
        "@types/color-support": {
            "version": "1.1.0",
            "resolved": "https://registry.npmjs.org/@types/color-support/-/color-support-1.1.0.tgz",
            "integrity": "sha512-KrplNXXQpHxL+7D96fdT2TtL6qu+6azSn4cqZZTbPnbwIx42JdAgARu1xUKmoCpiFbBJIediQ51RW5PIFdkRbA==",
            "requires": {
                "@types/node": "*"
            }
        },
        "@types/deep-equal": {
            "version": "1.0.1",
            "resolved": "https://registry.npmjs.org/@types/deep-equal/-/deep-equal-1.0.1.tgz",
            "integrity": "sha512-mMUu4nWHLBlHtxXY17Fg6+ucS/MnndyOWyOe7MmwkoMYxvfQU2ajtRaEvqSUv+aVkMqH/C0NCI8UoVfRNQ10yg=="
        },
        "@types/lodash": {
            "version": "4.14.138",
            "resolved": "https://registry.npmjs.org/@types/lodash/-/lodash-4.14.138.tgz",
            "integrity": "sha512-A4uJgHz4hakwNBdHNPdxOTkYmXNgmUAKLbXZ7PKGslgeV0Mb8P3BlbYfPovExek1qnod4pDfRbxuzcVs3dlFLg=="
        },
        "@types/node": {
            "version": "12.7.4",
            "resolved": "https://registry.npmjs.org/@types/node/-/node-12.7.4.tgz",
            "integrity": "sha512-W0+n1Y+gK/8G2P/piTkBBN38Qc5Q1ZSO6B5H3QmPCUewaiXOo2GCAWZ4ElZCcNhjJuBSUSLGFUJnmlCn5+nxOQ=="
        },
        "ansi-colors": {
            "version": "4.1.1",
            "resolved": "https://registry.npmjs.org/ansi-colors/-/ansi-colors-4.1.1.tgz",
            "integrity": "sha512-JoX0apGbHaUJBNl6yF+p6JAFYZ666/hhCGKN5t9QFjbJQKUU/g8MNbFDbvfrgKXvI1QpZplPOnwIo99lX/AAmA=="
        },
        "axios": {
            "version": "0.19.0",
            "resolved": "https://registry.npmjs.org/axios/-/axios-0.19.0.tgz",
            "integrity": "sha512-1uvKqKQta3KBxIz14F2v06AEHZ/dIoeKfbTRkK1E5oqjDnuEerLmYTgJB5AiQZHJcljpg1TuRzdjDR06qNk0DQ==",
            "requires": {
                "follow-redirects": "1.5.10",
                "is-buffer": "^2.0.2"
            }
        },
        "color-support": {
            "version": "1.1.3",
            "resolved": "https://registry.npmjs.org/color-support/-/color-support-1.1.3.tgz",
            "integrity": "sha512-qiBjkpbMLO/HL68y+lh4q0/O1MZFj2RX6X/KmMa3+gJD3z+WwI1ZzDHysvqHGS3mP6mznPckpXmw1nI9cJjyRg=="
        },
        "debug": {
            "version": "3.1.0",
            "resolved": "https://registry.npmjs.org/debug/-/debug-3.1.0.tgz",
            "integrity": "sha512-OX8XqP7/1a9cqkxYw2yXss15f26NKWBpDXQd0/uK/KPqdQhxbPa994hnzjcE2VqQpDslf55723cKPUOGSmMY3g==",
            "requires": {
                "ms": "2.0.0"
            }
        },
        "deep-equal": {
            "version": "1.1.0",
            "resolved": "https://registry.npmjs.org/deep-equal/-/deep-equal-1.1.0.tgz",
            "integrity": "sha512-ZbfWJq/wN1Z273o7mUSjILYqehAktR2NVoSrOukDkU9kg2v/Uv89yU4Cvz8seJeAmtN5oqiefKq8FPuXOboqLw==",
            "requires": {
                "is-arguments": "^1.0.4",
                "is-date-object": "^1.0.1",
                "is-regex": "^1.0.4",
                "object-is": "^1.0.1",
                "object-keys": "^1.1.1",
                "regexp.prototype.flags": "^1.2.0"
            }
        },
        "define-properties": {
            "version": "1.1.3",
            "resolved": "https://registry.npmjs.org/define-properties/-/define-properties-1.1.3.tgz",
            "integrity": "sha512-3MqfYKj2lLzdMSf8ZIZE/V+Zuy+BgD6f164e8K2w7dgnpKArBDerGYpM46IYYcjnkdPNMjPk9A6VFB8+3SKlXQ==",
            "requires": {
                "object-keys": "^1.0.12"
            }
        },
        "fast-csv": {
            "version": "3.4.0",
            "resolved": "https://registry.npmjs.org/fast-csv/-/fast-csv-3.4.0.tgz",
            "integrity": "sha512-/vPTDJc/l6VLOLIqcrMjuhyi8ZVTipTNl2GkVvaYiHlyh16oQMYPUkUVfREurT3MYE9j3mLQDk2Q8kPq30qQCg==",
            "requires": {
                "@types/lodash": "^4.14.132",
                "@types/node": "^12.0.2",
                "lodash": "^4.17.13"
            }
        },
        "follow-redirects": {
            "version": "1.5.10",
            "resolved": "https://registry.npmjs.org/follow-redirects/-/follow-redirects-1.5.10.tgz",
            "integrity": "sha512-0V5l4Cizzvqt5D44aTXbFZz+FtyXV1vrDN6qrelxtfYQKW0KO0W2T/hkE8xvGa/540LkZlkaUjO4ailYTFtHVQ==",
            "requires": {
                "debug": "=3.1.0"
            }
        },
        "function-bind": {
            "version": "1.1.1",
            "resolved": "https://registry.npmjs.org/function-bind/-/function-bind-1.1.1.tgz",
            "integrity": "sha512-yIovAzMX49sF8Yl58fSCWJ5svSLuaibPxXQJFLmBObTuCr0Mf1KiPopGM9NiFjiYBCbfaa2Fh6breQ6ANVTI0A=="
        },
        "has": {
            "version": "1.0.3",
            "resolved": "https://registry.npmjs.org/has/-/has-1.0.3.tgz",
            "integrity": "sha512-f2dvO0VU6Oej7RkWJGrehjbzMAjFp5/VKPp5tTpWIV4JHHZK1/BxbFRtf/siA2SWTe09caDmVtYYzWEIbBS4zw==",
            "requires": {
                "function-bind": "^1.1.1"
            }
        },
        "immutable": {
            "version": "4.0.0-rc.12",
            "resolved": "https://registry.npmjs.org/immutable/-/immutable-4.0.0-rc.12.tgz",
            "integrity": "sha512-0M2XxkZLx/mi3t8NVwIm1g8nHoEmM9p9UBl/G9k4+hm0kBgOVdMV/B3CY5dQ8qG8qc80NN4gDV4HQv6FTJ5q7A=="
        },
        "is-arguments": {
            "version": "1.0.4",
            "resolved": "https://registry.npmjs.org/is-arguments/-/is-arguments-1.0.4.tgz",
            "integrity": "sha512-xPh0Rmt8NE65sNzvyUmWgI1tz3mKq74lGA0mL8LYZcoIzKOzDh6HmrYm3d18k60nHerC8A9Km8kYu87zfSFnLA=="
        },
        "is-buffer": {
            "version": "2.0.3",
            "resolved": "https://registry.npmjs.org/is-buffer/-/is-buffer-2.0.3.tgz",
            "integrity": "sha512-U15Q7MXTuZlrbymiz95PJpZxu8IlipAp4dtS3wOdgPXx3mqBnslrWU14kxfHB+Py/+2PVKSr37dMAgM2A4uArw=="
        },
        "is-date-object": {
            "version": "1.0.1",
            "resolved": "https://registry.npmjs.org/is-date-object/-/is-date-object-1.0.1.tgz",
            "integrity": "sha1-mqIOtq7rv/d/vTPnTKAbM1gdOhY="
        },
        "is-regex": {
            "version": "1.0.4",
            "resolved": "https://registry.npmjs.org/is-regex/-/is-regex-1.0.4.tgz",
            "integrity": "sha1-VRdIm1RwkbCTDglWVM7SXul+lJE=",
            "requires": {
                "has": "^1.0.1"
            }
        },
        "lodash": {
            "version": "4.17.21",
            "resolved": "https://registry.npmjs.org/lodash/-/lodash-4.17.21.tgz",
            "integrity": "sha512-v2kDEe57lecTulaDIuNTPy3Ry4gLGJ6Z1O3vE1krgXZNrsQ+LFTGHVxVjcXPs17LhbZVGedAJv8XZ1tvj5FvSg=="
        },
        "ms": {
            "version": "2.0.0",
            "resolved": "https://registry.npmjs.org/ms/-/ms-2.0.0.tgz",
            "integrity": "sha1-VgiurfwAvmwpAd9fmGF4jeDVl8g="
        },
        "nmsbhs-utils": {
            "version": "1.1.8",
            "resolved": "https://registry.npmjs.org/nmsbhs-utils/-/nmsbhs-utils-1.1.8.tgz",
            "integrity": "sha512-TcqI0Wsw9fd8aP57Kz5YtZO7yrkz0uiZzrhX7RqkgWs6EBH0Oz5JVhyoUpg6L5lvxkjm6wm/2+crrDzX3LXaAg==",
            "requires": {
                "@types/deep-equal": "~1.0",
                "deep-equal": "~1.1",
                "immutable": "4.0.0-rc.12",
                "p-iteration": "~1.1",
                "tinyqueue": "~2.0"
            }
        },
        "object-is": {
            "version": "1.0.1",
            "resolved": "https://registry.npmjs.org/object-is/-/object-is-1.0.1.tgz",
            "integrity": "sha1-CqYOyZiaCz7Xlc9NBvYs8a1lObY="
        },
        "object-keys": {
            "version": "1.1.1",
            "resolved": "https://registry.npmjs.org/object-keys/-/object-keys-1.1.1.tgz",
            "integrity": "sha512-NuAESUOUMrlIXOfHKzD6bpPu3tYt3xvjNdRIQ+FeT0lNb4K8WR70CaDxhuNguS2XG+GjkyMwOzsN5ZktImfhLA=="
        },
        "p-iteration": {
            "version": "1.1.8",
            "resolved": "https://registry.npmjs.org/p-iteration/-/p-iteration-1.1.8.tgz",
            "integrity": "sha512-IMFBSDIYcPNnW7uWYGrBqmvTiq7W0uB0fJn6shQZs7dlF3OvrHOre+JT9ikSZ7gZS3vWqclVgoQSvToJrns7uQ=="
        },
        "regexp.prototype.flags": {
            "version": "1.2.0",
            "resolved": "https://registry.npmjs.org/regexp.prototype.flags/-/regexp.prototype.flags-1.2.0.tgz",
            "integrity": "sha512-ztaw4M1VqgMwl9HlPpOuiYgItcHlunW0He2fE6eNfT6E/CF2FtYi9ofOYe4mKntstYk0Fyh/rDRBdS3AnxjlrA==",
            "requires": {
                "define-properties": "^1.1.2"
            }
        },
        "tinyqueue": {
            "version": "2.0.3",
            "resolved": "https://registry.npmjs.org/tinyqueue/-/tinyqueue-2.0.3.tgz",
            "integrity": "sha512-ppJZNDuKGgxzkHihX8v9v9G5f+18gzaTfrukGrq6ueg0lmH4nqVnA2IPG0AEH3jKEk2GRJCUhDoqpoiw3PHLBA=="
        },
        "typescript": {
            "version": "3.6.2",
            "resolved": "https://registry.npmjs.org/typescript/-/typescript-3.6.2.tgz",
            "integrity": "sha512-lmQ4L+J6mnu3xweP8+rOrUwzmN+MRAj7TgtJtDaXE5PMyX2kCrklhg3rvOsOIfNeAWMQWO2F1GPc1kMD2vLAfw==",
            "dev": true
        }
    }
}
